
Microsoft Visual Studio Solution File, Format Version 12.00
# Visual Studio Version 17
VisualStudioVersion = 17.10.35013.160
MinimumVisualStudioVersion = 10.0.40219.1
Project("{9A19103F-16F7-4668-BE54-9A1E7A4F7556}") = "WebApi", "WebApi\WebApi.csproj", "{F0456616-EBC1-41EE-9BF7-7DEE88C29B4F}"
EndProject
Project("{2150E333-8FDC-42A3-9474-1A3956D46DE8}") = "Solution Items", "Solution Items", "{110A2DD7-D89A-4CA4-9712-78E0330F8887}"
	ProjectSection(SolutionItems) = preProject
		.gitignore = .gitignore
	EndProjectSection
EndProject
Global
	GlobalSection(SolutionConfigurationPlatforms) = preSolution
		Debug|Any CPU = Debug|Any CPU
		Release|Any CPU = Release|Any CPU
	EndGlobalSection
	GlobalSection(ProjectConfigurationPlatforms) = postSolution
		{F0456616-EBC1-41EE-9BF7-7DEE88C29B4F}.Debug|Any CPU.ActiveCfg = Debug|Any CPU
		{F0456616-EBC1-41EE-9BF7-7DEE88C29B4F}.Debug|Any CPU.Build.0 = Debug|Any CPU
		{F0456616-EBC1-41EE-9BF7-7DEE88C29B4F}.Release|Any CPU.ActiveCfg = Release|Any CPU
		{F0456616-EBC1-41EE-9BF7-7DEE88C29B4F}.Release|Any CPU.Build.0 = Release|Any CPU
	EndGlobalSection
	GlobalSection(SolutionProperties) = preSolution
		HideSolutionNode = FALSE
	EndGlobalSection
	GlobalSection(ExtensibilityGlobals) = postSolution
		SolutionGuid = {267AC302-AF5F-41D8-9E08-715EBEB9DD60}
	EndGlobalSection
EndGlobal
